
Microsoft Visual Studio Solution File, Format Version 12.00
# Visual Studio Version 17
VisualStudioVersion = 17.6.33829.357
MinimumVisualStudioVersion = 10.0.40219.1
Project("{FAE04EC0-301F-11D3-BF4B-00C04F79EFBC}") = "GUI", "WindowsFormsApp2\GUI.csproj", "{0189D64E-F2A4-4E2F-BF6C-0009E5C54FC3}"
EndProject
Project("{FAE04EC0-301F-11D3-BF4B-00C04F79EFBC}") = "DAL", "DAL\DAL.csproj", "{3D616C7C-F4C5-4047-8FF7-371E73DEDEE7}"
EndProject
Project("{FAE04EC0-301F-11D3-BF4B-00C04F79EFBC}") = "BUS", "BUS\BUS.csproj", "{9EA1A194-8F52-4393-95F6-1F3FED621479}"
EndProject
Global
	GlobalSection(SolutionConfigurationPlatforms) = preSolution
		Debug|Any CPU = Debug|Any CPU
		Release|Any CPU = Release|Any CPU
	EndGlobalSection
	GlobalSection(ProjectConfigurationPlatforms) = postSolution
		{0189D64E-F2A4-4E2F-BF6C-0009E5C54FC3}.Debug|Any CPU.ActiveCfg = Debug|Any CPU
		{0189D64E-F2A4-4E2F-BF6C-0009E5C54FC3}.Debug|Any CPU.Build.0 = Debug|Any CPU
		{0189D64E-F2A4-4E2F-BF6C-0009E5C54FC3}.Release|Any CPU.ActiveCfg = Release|Any CPU
		{0189D64E-F2A4-4E2F-BF6C-0009E5C54FC3}.Release|Any CPU.Build.0 = Release|Any CPU
		{3D616C7C-F4C5-4047-8FF7-371E73DEDEE7}.Debug|Any CPU.ActiveCfg = Debug|Any CPU
		{3D616C7C-F4C5-4047-8FF7-371E73DEDEE7}.Debug|Any CPU.Build.0 = Debug|Any CPU
		{3D616C7C-F4C5-4047-8FF7-371E73DEDEE7}.Release|Any CPU.ActiveCfg = Release|Any CPU
		{3D616C7C-F4C5-4047-8FF7-371E73DEDEE7}.Release|Any CPU.Build.0 = Release|Any CPU
		{9EA1A194-8F52-4393-95F6-1F3FED621479}.Debug|Any CPU.ActiveCfg = Debug|Any CPU
		{9EA1A194-8F52-4393-95F6-1F3FED621479}.Debug|Any CPU.Build.0 = Debug|Any CPU
		{9EA1A194-8F52-4393-95F6-1F3FED621479}.Release|Any CPU.ActiveCfg = Release|Any CPU
		{9EA1A194-8F52-4393-95F6-1F3FED621479}.Release|Any CPU.Build.0 = Release|Any CPU
	EndGlobalSection
	GlobalSection(SolutionProperties) = preSolution
		HideSolutionNode = FALSE
	EndGlobalSection
	GlobalSection(ExtensibilityGlobals) = postSolution
		SolutionGuid = {4FDDD684-2EC0-465A-9C47-C6C45221AEE9}
	EndGlobalSection
EndGlobal
